
Microsoft Visual Studio Solution File, Format Version 12.00
Project("{FAE04EC0-301F-11D3-BF4B-00C04F79EFBC}") = "AdventOfCode", "AdventOfCode\AdventOfCode.csproj", "{C1A95786-2474-49C1-9DDF-CEA09553201C}"
EndProject
Global
	GlobalSection(SolutionConfigurationPlatforms) = preSolution
		Debug|Any CPU = Debug|Any CPU
		Release|Any CPU = Release|Any CPU
	EndGlobalSection
	GlobalSection(ProjectConfigurationPlatforms) = postSolution
		{C1A95786-2474-49C1-9DDF-CEA09553201C}.Debug|Any CPU.ActiveCfg = Debug|Any CPU
		{C1A95786-2474-49C1-9DDF-CEA09553201C}.Debug|Any CPU.Build.0 = Debug|Any CPU
		{C1A95786-2474-49C1-9DDF-CEA09553201C}.Release|Any CPU.ActiveCfg = Release|Any CPU
		{C1A95786-2474-49C1-9DDF-CEA09553201C}.Release|Any CPU.Build.0 = Release|Any CPU
		{1C8BB8CC-A4EF-4320-A63A-D309BB938049}.Debug|Any CPU.ActiveCfg = Debug|Any CPU
		{1C8BB8CC-A4EF-4320-A63A-D309BB938049}.Debug|Any CPU.Build.0 = Debug|Any CPU
		{1C8BB8CC-A4EF-4320-A63A-D309BB938049}.Release|Any CPU.ActiveCfg = Release|Any CPU
		{1C8BB8CC-A4EF-4320-A63A-D309BB938049}.Release|Any CPU.Build.0 = Release|Any CPU
	EndGlobalSection
EndGlobal
